<?xml version="1.0" encoding="utf-8"?>
<Project ToolsVersion="4.0" xmlns="http://schemas.microsoft.com/developer/msbuild/2003">
  <ItemGroup>
    <Filter Include="Source Files">
      <UniqueIdentifier>{4FC737F1-C7A5-4376-A066-2A32D752A2FF}</UniqueIdentifier>
      <Extensions>cpp;c;cc;cxx;c++;cppm;ixx;def;odl;idl;hpj;bat;asm;asmx</Extensions>
    </Filter>
    <Filter Include="Header Files">
      <UniqueIdentifier>{93995380-89BD-4b04-88EB-625FBE52EBFB}</UniqueIdentifier>
      <Extensions>h;hh;hpp;hxx;h++;hm;inl;inc;ipp;xsd</Extensions>
    </Filter>
    <Filter Include="Resource Files">
      <UniqueIdentifier>{67DA6AB6-F800-4c08-8B7A-83BB121AAD01}</UniqueIdentifier>
      <Extensions>rc;ico;cur;bmp;dlg;rc2;rct;bin;rgs;gif;jpg;jpeg;jpe;resx;tiff;tif;png;wav;mfcribbon-ms</Extensions>
    </Filter>
  </ItemGroup>
  <ItemGroup>
    <ClInclude Include="App.h">
      <Filter>Header Files</Filter>
    </ClInclude>
    <ClInclude Include="MainFrame.h">
      <Filter>Header Files</Filter>
    </ClInclude>
    <ClInclude Include="OptimizeMtuFrame.h">
      <Filter>Header Files</Filter>
    </ClInclude>
    <ClInclude Include="SettingsFrame.h">
      <Filter>Header Files</Filter>
    </ClInclude>
    <ClInclude Include="ApplyMtuFrame.h">
      <Filter>Header Files</Filter>
    </ClInclude>
    <ClInclude Include="HelpFrame.h">
      <Filter>Header Files</Filter>
    </ClInclude>
    <ClInclude Include="Language_SRV.h">
      <Filter>Header Files</Filter>
    </ClInclude>
    <ClInclude Include="WindowsAPI_SRV.h">
      <Filter>Header Files</Filter>
    </ClInclude>
    <ClInclude Include="ManageTapFrame.h">
      <Filter>Header Files</Filter>
    </ClInclude>
    <ClInclude Include="TapDevice_SRV.h">
      <Filter>Header Files</Filter>
    </ClInclude>
    <ClInclude Include="Style_SRV.h">
      <Filter>Header Files</Filter>
    </ClInclude>
    <ClInclude Include="Networks_SRV.h">
      <Filter>Header Files</Filter>
    </ClInclude>
    <ClInclude Include="tincTextCtrl.h">
      <Filter>Header Files</Filter>
    </ClInclude>
    <ClInclude Include="EditNetworkFrame.h">
      <Filter>Header Files</Filter>
    </ClInclude>
    <ClInclude Include="Lock_SRV.h">
      <Filter>Header Files</Filter>
    </ClInclude>
    <ClInclude Include="JoinNetworkFrame.h">
      <Filter>Header Files</Filter>
    </ClInclude>
    <ClInclude Include="RenameNetworkFrame.h">
      <Filter>Header Files</Filter>
    </ClInclude>
    <ClInclude Include="Settings_SRV.h">
      <Filter>Header Files</Filter>
    </ClInclude>
  </ItemGroup>
  <ItemGroup>
    <ClCompile Include="App.cpp">
      <Filter>Source Files</Filter>
    </ClCompile>
    <ClCompile Include="MainFrame.cpp">
      <Filter>Source Files</Filter>
    </ClCompile>
    <ClCompile Include="OptimizeMtuFrame.cpp">
      <Filter>Source Files</Filter>
    </ClCompile>
    <ClCompile Include="OptimizeMtuFrame_SRV.cpp">
      <Filter>Source Files</Filter>
    </ClCompile>
    <ClCompile Include="OptimizeMtuFrame_Test.cpp">
      <Filter>Source Files</Filter>
    </ClCompile>
    <ClCompile Include="SettingsFrame.cpp">
      <Filter>Source Files</Filter>
    </ClCompile>
    <ClCompile Include="Settings_SRV.cpp">
      <Filter>Source Files</Filter>
    </ClCompile>
    <ClCompile Include="ApplyMtuFrame.cpp">
      <Filter>Source Files</Filter>
    </ClCompile>
    <ClCompile Include="ApplyMtuFrame_SRV.cpp">
      <Filter>Source Files</Filter>
    </ClCompile>
    <ClCompile Include="HelpFrame.cpp">
      <Filter>Source Files</Filter>
    </ClCompile>
    <ClCompile Include="Language_SRV.cpp">
      <Filter>Source Files</Filter>
    </ClCompile>
    <ClCompile Include="WindowsAPI_SRV.cpp">
      <Filter>Source Files</Filter>
    </ClCompile>
    <ClCompile Include="ManageTapFrame.cpp">
      <Filter>Source Files</Filter>
    </ClCompile>
    <ClCompile Include="TapDevice_SRV.cpp">
      <Filter>Source Files</Filter>
    </ClCompile>
    <ClCompile Include="ManageTapFrame_SRV.cpp">
      <Filter>Source Files</Filter>
    </ClCompile>
    <ClCompile Include="Networks_SRV.cpp">
      <Filter>Source Files</Filter>
    </ClCompile>
    <ClCompile Include="MainFrame_SRV.cpp">
      <Filter>Source Files</Filter>
    </ClCompile>
    <ClCompile Include="tincTextCtrl.cpp">
      <Filter>Source Files</Filter>
    </ClCompile>
    <ClCompile Include="EditNetworkFrame.cpp">
      <Filter>Source Files</Filter>
    </ClCompile>
    <ClCompile Include="Lock_SRV.cpp">
      <Filter>Source Files</Filter>
    </ClCompile>
    <ClCompile Include="JoinNetworkFrame.cpp">
      <Filter>Source Files</Filter>
    </ClCompile>
    <ClCompile Include="JoinNetworkFrame_SRV.cpp">
      <Filter>Source Files</Filter>
    </ClCompile>
    <ClCompile Include="MainFrameMenu.cpp">
      <Filter>Source Files</Filter>
    </ClCompile>
    <ClCompile Include="MainFrameInit.cpp">
      <Filter>Source Files</Filter>
    </ClCompile>
    <ClCompile Include="RenameNetworkFrame.cpp">
      <Filter>Source Files</Filter>
    </ClCompile>
  </ItemGroup>
  <ItemGroup>
    <None Include="ping437.bat">
      <Filter>Source Files</Filter>
    </None>
    <None Include="GenerateTranslatePot.bat">
      <Filter>Source Files</Filter>
    </None>
    <None Include="netsh437.bat">
      <Filter>Source Files</Filter>
    </None>
    <None Include="ping437_start.bat">
      <Filter>Source Files</Filter>
    </None>
    <None Include="netsh437_start.bat">
      <Filter>Source Files</Filter>
    </None>
    <None Include="installTap.bat">
      <Filter>Source Files</Filter>
    </None>
    <None Include="getTapHwid.bat">
      <Filter>Source Files</Filter>
    </None>
    <None Include="uninstallTap.bat">
      <Filter>Source Files</Filter>
    </None>
  </ItemGroup>
</Project>